
Microsoft Visual Studio Solution File, Format Version 12.00
# Visual Studio Version 16
VisualStudioVersion = 16.0.29123.88
MinimumVisualStudioVersion = 10.0.40219.1
Project("{FAE04EC0-301F-11D3-BF4B-00C04F79EFBC}") = "CSharp2SQLProject", "CSharp2SQLProject\CSharp2SQLProject.csproj", "{67CBBB66-4BE6-46F6-BD53-8ADB4BE8EBBD}"
EndProject
Global
	GlobalSection(SolutionConfigurationPlatforms) = preSolution
		Debug|Any CPU = Debug|Any CPU
		Release|Any CPU = Release|Any CPU
	EndGlobalSection
	GlobalSection(ProjectConfigurationPlatforms) = postSolution
		{67CBBB66-4BE6-46F6-BD53-8ADB4BE8EBBD}.Debug|Any CPU.ActiveCfg = Debug|Any CPU
		{67CBBB66-4BE6-46F6-BD53-8ADB4BE8EBBD}.Debug|Any CPU.Build.0 = Debug|Any CPU
		{67CBBB66-4BE6-46F6-BD53-8ADB4BE8EBBD}.Release|Any CPU.ActiveCfg = Release|Any CPU
		{67CBBB66-4BE6-46F6-BD53-8ADB4BE8EBBD}.Release|Any CPU.Build.0 = Release|Any CPU
	EndGlobalSection
	GlobalSection(SolutionProperties) = preSolution
		HideSolutionNode = FALSE
	EndGlobalSection
	GlobalSection(ExtensibilityGlobals) = postSolution
		SolutionGuid = {6E278F66-D48C-484F-8FC9-6F86A939AEF7}
	EndGlobalSection
EndGlobal
